
Microsoft Visual Studio Solution File, Format Version 12.00
# Visual Studio Version 17
VisualStudioVersion = 17.11.35219.272
MinimumVisualStudioVersion = 10.0.40219.1
Project("{9A19103F-16F7-4668-BE54-9A1E7A4F7556}") = "AstreaArchipelago", "AstreaArchipelago.csproj", "{6B9CBBC3-E18B-41A4-A0A1-A21BC72BFF42}"
EndProject
Global
	GlobalSection(SolutionConfigurationPlatforms) = preSolution
		Debug|Any CPU = Debug|Any CPU
		Release|Any CPU = Release|Any CPU
	EndGlobalSection
	GlobalSection(ProjectConfigurationPlatforms) = postSolution
		{6B9CBBC3-E18B-41A4-A0A1-A21BC72BFF42}.Debug|Any CPU.ActiveCfg = Debug|Any CPU
		{6B9CBBC3-E18B-41A4-A0A1-A21BC72BFF42}.Debug|Any CPU.Build.0 = Debug|Any CPU
		{6B9CBBC3-E18B-41A4-A0A1-A21BC72BFF42}.Release|Any CPU.ActiveCfg = Release|Any CPU
		{6B9CBBC3-E18B-41A4-A0A1-A21BC72BFF42}.Release|Any CPU.Build.0 = Release|Any CPU
	EndGlobalSection
	GlobalSection(SolutionProperties) = preSolution
		HideSolutionNode = FALSE
	EndGlobalSection
	GlobalSection(ExtensibilityGlobals) = postSolution
		SolutionGuid = {092A8C5D-7A51-40B3-8BA9-D217F8615FB4}
	EndGlobalSection
EndGlobal
